{
	"name": "akeeba-panopticon",
	"lockfileVersion": 3,
	"requires": true,
	"packages": {
		"": {
			"name": "akeeba-panopticon",
			"license": "AGPL-3.0-or-later",
			"devDependencies": {
				"@fortawesome/fontawesome-free": "^7.3.0",
				"ace-builds": "^1.38.0",
				"altcha": "^3.2.1",
				"bootstrap": "^5.3.2",
				"choices.js": "^11.2.3",
				"petite-vue": "^0.4.1",
				"terser": "^5.0.0",
				"tinymce": "^8.7.0"
			},
			"engines": {
				"node": ">=16",
				"npm": ">=8.5.5"
			}
		},
		"node_modules/@fortawesome/fontawesome-free": {
			"version": "7.3.0",
			"resolved": "https://registry.npmjs.org/@fortawesome/fontawesome-free/-/fontawesome-free-7.3.0.tgz",
			"integrity": "sha512-Yw4Qa43P6e4Xwh0TwEUkHQNRJInWaqIBo73VJmns3j2AIlZPAvUcR4yGIxCPqPRCgyJ5KIVIalF/I1GxhZ/Kgw==",
			"dev": true,
			"license": "(CC-BY-4.0 AND OFL-1.1 AND MIT)",
			"engines": {
				"node": ">=6"
			}
		},
		"node_modules/@jridgewell/gen-mapping": {
			"version": "0.3.13",
			"resolved": "https://registry.npmjs.org/@jridgewell/gen-mapping/-/gen-mapping-0.3.13.tgz",
			"integrity": "sha512-2kkt/7niJ6MgEPxF0bYdQ6etZaA+fQvDcLKckhy1yIQOzaoKjBBjSj63/aLVjYE3qhRt5dvM+uUyfCg6UKCBbA==",
			"dev": true,
			"license": "MIT",
			"dependencies": {
				"@jridgewell/sourcemap-codec": "^1.5.0",
				"@jridgewell/trace-mapping": "^0.3.24"
			}
		},
		"node_modules/@jridgewell/resolve-uri": {
			"version": "3.1.2",
			"resolved": "https://registry.npmjs.org/@jridgewell/resolve-uri/-/resolve-uri-3.1.2.tgz",
			"integrity": "sha512-bRISgCIjP20/tbWSPWMEi54QVPRZExkuD9lJL+UIxUKtwVJA8wW1Trb1jMs1RFXo1CBTNZ/5hpC9QvmKWdopKw==",
			"dev": true,
			"license": "MIT",
			"engines": {
				"node": ">=6.0.0"
			}
		},
		"node_modules/@jridgewell/source-map": {
			"version": "0.3.11",
			"resolved": "https://registry.npmjs.org/@jridgewell/source-map/-/source-map-0.3.11.tgz",
			"integrity": "sha512-ZMp1V8ZFcPG5dIWnQLr3NSI1MiCU7UETdS/A0G8V/XWHvJv3ZsFqutJn1Y5RPmAPX6F3BiE397OqveU/9NCuIA==",
			"dev": true,
			"license": "MIT",
			"dependencies": {
				"@jridgewell/gen-mapping": "^0.3.5",
				"@jridgewell/trace-mapping": "^0.3.25"
			}
		},
		"node_modules/@jridgewell/sourcemap-codec": {
			"version": "1.5.5",
			"resolved": "https://registry.npmjs.org/@jridgewell/sourcemap-codec/-/sourcemap-codec-1.5.5.tgz",
			"integrity": "sha512-cYQ9310grqxueWbl+WuIUIaiUaDcj7WOq5fVhEljNVgRfOUhY9fy2zTvfoqWsnebh8Sl70VScFbICvJnLKB0Og==",
			"dev": true,
			"license": "MIT"
		},
		"node_modules/@jridgewell/trace-mapping": {
			"version": "0.3.31",
			"resolved": "https://registry.npmjs.org/@jridgewell/trace-mapping/-/trace-mapping-0.3.31.tgz",
			"integrity": "sha512-zzNR+SdQSDJzc8joaeP8QQoCQr8NuYx2dIIytl1QeBEZHJ9uW6hebsrYgbz8hJwUQao3TWCMtmfV8Nu1twOLAw==",
			"dev": true,
			"license": "MIT",
			"dependencies": {
				"@jridgewell/resolve-uri": "^3.1.0",
				"@jridgewell/sourcemap-codec": "^1.4.14"
			}
		},
		"node_modules/@popperjs/core": {
			"version": "2.11.8",
			"resolved": "https://registry.npmjs.org/@popperjs/core/-/core-2.11.8.tgz",
			"integrity": "sha512-P1st0aksCrn9sGZhp8GMYwBnQsbvAWsZAX44oXNNvLHGqAOcoVxmjZiohstwQ7SqKnbR47akdNi+uleWD8+g6A==",
			"dev": true,
			"license": "MIT",
			"peer": true,
			"funding": {
				"type": "opencollective",
				"url": "https://opencollective.com/popperjs"
			}
		},
		"node_modules/ace-builds": {
			"version": "1.44.0",
			"resolved": "https://registry.npmjs.org/ace-builds/-/ace-builds-1.44.0.tgz",
			"integrity": "sha512-PFNMSYqFdEUkul2Ntud0HvA09AgY+F1ag0UYdpMH60wNI/qOA8cB8tlTgoALMEwIdUPJK2CjrIQ7OnbiSS/ugQ==",
			"dev": true,
			"license": "BSD-3-Clause"
		},
		"node_modules/acorn": {
			"version": "8.17.0",
			"resolved": "https://registry.npmjs.org/acorn/-/acorn-8.17.0.tgz",
			"integrity": "sha512-xRQbDb9BnwDafYNn6Vwl839DYVjqXYb1XVGtWAZ1kcDc6iwAL4hg3B1dZlRiuENFeO2H53gFG3in621AdERVAg==",
			"dev": true,
			"license": "MIT",
			"bin": {
				"acorn": "bin/acorn"
			},
			"engines": {
				"node": ">=0.4.0"
			}
		},
		"node_modules/altcha": {
			"version": "3.2.1",
			"resolved": "https://registry.npmjs.org/altcha/-/altcha-3.2.1.tgz",
			"integrity": "sha512-MXsnNmgg3BGJja0DXbflv9Bp29uyGv6wUImaaT1yLxCKOj+x9QBMpi/Vdh6XbP4Uf0PykaeQwl8ivJAvIhoo0A==",
			"dev": true,
			"license": "MIT",
			"dependencies": {
				"hash-wasm": "^4.12.0"
			}
		},
		"node_modules/bootstrap": {
			"version": "5.3.8",
			"resolved": "https://registry.npmjs.org/bootstrap/-/bootstrap-5.3.8.tgz",
			"integrity": "sha512-HP1SZDqaLDPwsNiqRqi5NcP0SSXciX2s9E+RyqJIIqGo+vJeN5AJVM98CXmW/Wux0nQ5L7jeWUdplCEf0Ee+tg==",
			"dev": true,
			"funding": [
				{
					"type": "github",
					"url": "https://github.com/sponsors/twbs"
				},
				{
					"type": "opencollective",
					"url": "https://opencollective.com/bootstrap"
				}
			],
			"license": "MIT",
			"peerDependencies": {
				"@popperjs/core": "^2.11.8"
			}
		},
		"node_modules/buffer-from": {
			"version": "1.1.2",
			"resolved": "https://registry.npmjs.org/buffer-from/-/buffer-from-1.1.2.tgz",
			"integrity": "sha512-E+XQCRwSbaaiChtv6k6Dwgc+bx+Bs6vuKJHHl5kox/BaKbhiXzqQOwK4cO22yElGp2OCmjwVhT3HmxgyPGnJfQ==",
			"dev": true,
			"license": "MIT"
		},
		"node_modules/choices.js": {
			"version": "11.2.3",
			"resolved": "https://registry.npmjs.org/choices.js/-/choices.js-11.2.3.tgz",
			"integrity": "sha512-K+HA8ShsWWNOVs4ahahjIOtzsvcC/cOFGTdU1BZgMZRhGi/uCQARlFd/80B0hlVVdRIjnrsW7QLDUnpJaW6N7A==",
			"dev": true,
			"license": "MIT",
			"dependencies": {
				"fuse.js": "^7.0.0"
			}
		},
		"node_modules/fuse.js": {
			"version": "7.3.0",
			"resolved": "https://registry.npmjs.org/fuse.js/-/fuse.js-7.3.0.tgz",
			"integrity": "sha512-plz8RVjfcDedTGfVngWH1jmJvBvAwi1v2jecfDerbEnMcmOYUEEwKFTHbNoCiYyzaK2Ws8lABkTCcRSqCY1q4w==",
			"dev": true,
			"license": "Apache-2.0",
			"engines": {
				"node": ">=10"
			},
			"funding": {
				"type": "github",
				"url": "https://github.com/sponsors/krisk"
			}
		},
		"node_modules/hash-wasm": {
			"version": "4.12.0",
			"resolved": "https://registry.npmjs.org/hash-wasm/-/hash-wasm-4.12.0.tgz",
			"integrity": "sha512-+/2B2rYLb48I/evdOIhP+K/DD2ca2fgBjp6O+GBEnCDk2e4rpeXIK8GvIyRPjTezgmWn9gmKwkQjjx6BtqDHVQ==",
			"dev": true,
			"license": "MIT"
		},
		"node_modules/petite-vue": {
			"version": "0.4.1",
			"resolved": "https://registry.npmjs.org/petite-vue/-/petite-vue-0.4.1.tgz",
			"integrity": "sha512-/gtYKQe9r1OV4IEwn2RsPXAHgFTe1nVq4QhldAP6/l8DSe9I754K6Oe1+Ff6dbnT5P8X2XP7PTUZkGRz5uFnFQ==",
			"dev": true,
			"license": "MIT"
		},
		"node_modules/source-map": {
			"version": "0.6.1",
			"resolved": "https://registry.npmjs.org/source-map/-/source-map-0.6.1.tgz",
			"integrity": "sha512-UjgapumWlbMhkBgzT7Ykc5YXUT46F0iKu8SGXq0bcwP5dz/h0Plj6enJqjz1Zbq2l5WaqYnrVbwWOWMyF3F47g==",
			"dev": true,
			"license": "BSD-3-Clause",
			"engines": {
				"node": ">=0.10.0"
			}
		},
		"node_modules/source-map-support": {
			"version": "0.5.21",
			"resolved": "https://registry.npmjs.org/source-map-support/-/source-map-support-0.5.21.tgz",
			"integrity": "sha512-uBHU3L3czsIyYXKX88fdrGovxdSCoTGDRZ6SYXtSRxLZUzHg5P/66Ht6uoUlHu9EZod+inXhKo3qQgwXUT/y1w==",
			"dev": true,
			"license": "MIT",
			"dependencies": {
				"buffer-from": "^1.0.0",
				"source-map": "^0.6.0"
			}
		},
		"node_modules/terser": {
			"version": "5.48.0",
			"resolved": "https://registry.npmjs.org/terser/-/terser-5.48.0.tgz",
			"integrity": "sha512-J/9An6vs9Us6wKRriSFXBWdRZapREHqFzdNUKk0pmu804EMR6dr6winwo7e5JDxN4xahxQsuysyYFwlwj4XN/Q==",
			"dev": true,
			"license": "BSD-2-Clause",
			"dependencies": {
				"@jridgewell/source-map": "^0.3.3",
				"acorn": "^8.15.0",
				"commander": "^2.20.0",
				"source-map-support": "~0.5.20"
			},
			"bin": {
				"terser": "bin/terser"
			},
			"engines": {
				"node": ">=10"
			}
		},
		"node_modules/terser/node_modules/commander": {
			"version": "2.20.3",
			"resolved": "https://registry.npmjs.org/commander/-/commander-2.20.3.tgz",
			"integrity": "sha512-GpVkmM8vF2vQUkj2LvZmD35JxeJOLCwJ9cUkugyk2nuhbv3+mJvpLYYt+0+USMxE+oj+ey/lJEnhZw75x/OMcQ==",
			"dev": true,
			"license": "MIT"
		},
		"node_modules/tinymce": {
			"version": "8.7.0",
			"resolved": "https://registry.npmjs.org/tinymce/-/tinymce-8.7.0.tgz",
			"integrity": "sha512-V3fBgEzKxKT5d41/3qkXs//2SjANGHzo1MWnU2ai8nss8YrzPprrRFlDbX2X9Z6ClyQAknojs7CzEgcsTdqhPQ==",
			"dev": true,
			"license": "SEE LICENSE IN license.md"
		}
	}
}
